
Microsoft Visual Studio Solution File, Format Version 12.00
# Visual Studio Version 18
VisualStudioVersion = 18.9.12112.369 stable
MinimumVisualStudioVersion = 10.0.40219.1
Project("{FAE04EC0-301F-11D3-BF4B-00C04F79EFBC}") = "DevBoard.Api", "devBoard.API\DevBoard.Api.csproj", "{3DD23A4B-391C-4BE1-BDAD-C1F434548474}"
EndProject
Global
	GlobalSection(SolutionConfigurationPlatforms) = preSolution
		Debug|Any CPU = Debug|Any CPU
		Release|Any CPU = Release|Any CPU
	EndGlobalSection
	GlobalSection(ProjectConfigurationPlatforms) = postSolution
		{3DD23A4B-391C-4BE1-BDAD-C1F434548474}.Debug|Any CPU.ActiveCfg = Debug|Any CPU
		{3DD23A4B-391C-4BE1-BDAD-C1F434548474}.Debug|Any CPU.Build.0 = Debug|Any CPU
		{3DD23A4B-391C-4BE1-BDAD-C1F434548474}.Release|Any CPU.ActiveCfg = Release|Any CPU
		{3DD23A4B-391C-4BE1-BDAD-C1F434548474}.Release|Any CPU.Build.0 = Release|Any CPU
	EndGlobalSection
	GlobalSection(SolutionProperties) = preSolution
		HideSolutionNode = FALSE
	EndGlobalSection
	GlobalSection(ExtensibilityGlobals) = postSolution
		SolutionGuid = {8A067696-A943-47CD-8EE0-4F0C20335A0B}
	EndGlobalSection
EndGlobal
